
Microsoft Visual Studio Solution File, Format Version 12.00
# Visual Studio Version 16
VisualStudioVersion = 16.0.29728.190
MinimumVisualStudioVersion = 10.0.40219.1
Project("{2150E333-8FDC-42A3-9474-1A3956D46DE8}") = "Core", "Core", "{51BA1E88-7CB9-4103-ADFF-14A9AA87DEE7}"
EndProject
Project("{2150E333-8FDC-42A3-9474-1A3956D46DE8}") = "Infrastructure", "Infrastructure", "{C41E4109-B671-419C-9932-97F9C47CF3E9}"
EndProject
Project("{2150E333-8FDC-42A3-9474-1A3956D46DE8}") = "Presentation", "Presentation", "{AC4CA0BE-62DB-4E9C-B395-C1BD3DA84109}"
EndProject
Project("{9A19103F-16F7-4668-BE54-9A1E7A4F7556}") = "Domain", "Domain\Domain.csproj", "{EA3640D9-D6B3-48F0-A186-2C00871FB913}"
EndProject
Project("{9A19103F-16F7-4668-BE54-9A1E7A4F7556}") = "Application", "Application\Application.csproj", "{46A902F8-F5BE-42D7-B414-4CD0C8D9EF78}"
EndProject
Project("{FAE04EC0-301F-11D3-BF4B-00C04F79EFBC}") = "Persistence", "Persistence\Persistence.csproj", "{4213DA8F-3517-46D4-A309-71E63199260D}"
EndProject
Project("{FAE04EC0-301F-11D3-BF4B-00C04F79EFBC}") = "WebApi", "WebApi\WebApi.csproj", "{AAEDE0F0-0E06-401C-8B99-040D694E7234}"
EndProject
Global
	GlobalSection(SolutionConfigurationPlatforms) = preSolution
		Debug|Any CPU = Debug|Any CPU
		Release|Any CPU = Release|Any CPU
	EndGlobalSection
	GlobalSection(ProjectConfigurationPlatforms) = postSolution
		{EA3640D9-D6B3-48F0-A186-2C00871FB913}.Debug|Any CPU.ActiveCfg = Debug|Any CPU
		{EA3640D9-D6B3-48F0-A186-2C00871FB913}.Debug|Any CPU.Build.0 = Debug|Any CPU
		{EA3640D9-D6B3-48F0-A186-2C00871FB913}.Release|Any CPU.ActiveCfg = Release|Any CPU
		{EA3640D9-D6B3-48F0-A186-2C00871FB913}.Release|Any CPU.Build.0 = Release|Any CPU
		{46A902F8-F5BE-42D7-B414-4CD0C8D9EF78}.Debug|Any CPU.ActiveCfg = Debug|Any CPU
		{46A902F8-F5BE-42D7-B414-4CD0C8D9EF78}.Debug|Any CPU.Build.0 = Debug|Any CPU
		{46A902F8-F5BE-42D7-B414-4CD0C8D9EF78}.Release|Any CPU.ActiveCfg = Release|Any CPU
		{46A902F8-F5BE-42D7-B414-4CD0C8D9EF78}.Release|Any CPU.Build.0 = Release|Any CPU
		{4213DA8F-3517-46D4-A309-71E63199260D}.Debug|Any CPU.ActiveCfg = Debug|Any CPU
		{4213DA8F-3517-46D4-A309-71E63199260D}.Debug|Any CPU.Build.0 = Debug|Any CPU
		{4213DA8F-3517-46D4-A309-71E63199260D}.Release|Any CPU.ActiveCfg = Release|Any CPU
		{4213DA8F-3517-46D4-A309-71E63199260D}.Release|Any CPU.Build.0 = Release|Any CPU
		{AAEDE0F0-0E06-401C-8B99-040D694E7234}.Debug|Any CPU.ActiveCfg = Debug|Any CPU
		{AAEDE0F0-0E06-401C-8B99-040D694E7234}.Debug|Any CPU.Build.0 = Debug|Any CPU
		{AAEDE0F0-0E06-401C-8B99-040D694E7234}.Release|Any CPU.ActiveCfg = Release|Any CPU
		{AAEDE0F0-0E06-401C-8B99-040D694E7234}.Release|Any CPU.Build.0 = Release|Any CPU
	EndGlobalSection
	GlobalSection(SolutionProperties) = preSolution
		HideSolutionNode = FALSE
	EndGlobalSection
	GlobalSection(NestedProjects) = preSolution
		{EA3640D9-D6B3-48F0-A186-2C00871FB913} = {51BA1E88-7CB9-4103-ADFF-14A9AA87DEE7}
		{46A902F8-F5BE-42D7-B414-4CD0C8D9EF78} = {51BA1E88-7CB9-4103-ADFF-14A9AA87DEE7}
		{4213DA8F-3517-46D4-A309-71E63199260D} = {C41E4109-B671-419C-9932-97F9C47CF3E9}
		{AAEDE0F0-0E06-401C-8B99-040D694E7234} = {AC4CA0BE-62DB-4E9C-B395-C1BD3DA84109}
	EndGlobalSection
	GlobalSection(ExtensibilityGlobals) = postSolution
		SolutionGuid = {1687AA40-8034-42EC-9EB5-0697BEF41930}
	EndGlobalSection
EndGlobal
